{
  "name": "resoft-chart-library",
  "version": "1.1.1",
  "lockfileVersion": 1,
  "requires": true,
  "dependencies": {
    "chart-library-resoft": {
      "version": "1.0.1",
      "resolved": "http://10.168.168.127:4873/chart-library-resoft/-/chart-library-resoft-1.0.1.tgz",
      "integrity": "sha512-CgW7dPJhad1cIiutUAUD3HRQIkA4tRzx6q+Nnc/fBy/ei54uzvO/zrjy7Vz8mED+5TZTXwgCm2drU90CafHzBw=="
    },
    "echarts": {
      "version": "4.7.0",
      "resolved": "http://10.168.168.127:4873/echarts/-/echarts-4.7.0.tgz",
      "integrity": "sha512-NlOTdUcAsIyCCG+N4uh0ZEvXtrPW2jvcuqf03RyqYeCKzyPbiOQ4I3MdKXMhxG3lBdqQNdNXVT71SB4KTQjN0A==",
      "requires": {
        "zrender": "4.3.0"
      }
    },
    "lodash": {
      "version": "4.17.20",
      "resolved": "http://10.168.168.127:4873/lodash/-/lodash-4.17.20.tgz",
      "integrity": "sha512-PlhdFcillOINfeV7Ni6oF1TAEayyZBoZ8bcshTHqOYJYlrqzRK5hagpagky5o4HfCzzd1TRkXPMFq6cKk9rGmA=="
    },
    "zrender": {
      "version": "4.3.0",
      "resolved": "http://10.168.168.127:4873/zrender/-/zrender-4.3.0.tgz",
      "integrity": "sha512-Dii6j2bDsPkxQayuVf2DXJeruIB/mKVxxcGRZQ9GExiBd4c3w7+oBuvo1O/JGHeFeA1nCmSDVDs/S7yKZG1nrA=="
    }
  }
}
